
Microsoft Visual Studio Solution File, Format Version 12.00
# Visual Studio Version 17
VisualStudioVersion = 17.7.34031.279
MinimumVisualStudioVersion = 10.0.40219.1
Project("{FAE04EC0-301F-11D3-BF4B-00C04F79EFBC}") = "LA1301.02", "LA1301.02.csproj", "{C6755AD0-DC5A-4408-8EDC-9FE49CEB2C34}"
EndProject
Global
	GlobalSection(SolutionConfigurationPlatforms) = preSolution
		Debug|Any CPU = Debug|Any CPU
		Release|Any CPU = Release|Any CPU
	EndGlobalSection
	GlobalSection(ProjectConfigurationPlatforms) = postSolution
		{C6755AD0-DC5A-4408-8EDC-9FE49CEB2C34}.Debug|Any CPU.ActiveCfg = Debug|Any CPU
		{C6755AD0-DC5A-4408-8EDC-9FE49CEB2C34}.Debug|Any CPU.Build.0 = Debug|Any CPU
		{C6755AD0-DC5A-4408-8EDC-9FE49CEB2C34}.Release|Any CPU.ActiveCfg = Release|Any CPU
		{C6755AD0-DC5A-4408-8EDC-9FE49CEB2C34}.Release|Any CPU.Build.0 = Release|Any CPU
	EndGlobalSection
	GlobalSection(SolutionProperties) = preSolution
		HideSolutionNode = FALSE
	EndGlobalSection
	GlobalSection(ExtensibilityGlobals) = postSolution
		SolutionGuid = {A8E17507-BBBD-48E2-86E0-02BD2641F44A}
	EndGlobalSection
EndGlobal
